dependencies:
- name: redis
  repository: https://codeadminde.github.io/helm-charts
  version: 0.4.1
- name: libchart-cnps
  repository: https://codeadminde.github.io/helm-charts
  version: 0.2.1
digest: sha256:df023860106d95e6dfc284dc6ceccd57aa70787b733d005cf400d9104e46f292
generated: "2026-03-15T14:19:28.850474+01:00"
