dependencies:
- name: postgresql
  repository: https://charts.bitnami.com/bitnami
  version: 16.6.3
- name: redis
  repository: https://charts.bitnami.com/bitnami
  version: 20.13.4
- name: minio
  repository: https://charts.bitnami.com/bitnami
  version: 16.0.7
digest: sha256:061758c6c23529b26b1aea440d505a2651f8704cccb7edaf25e48dfd05aab580
generated: "2025-04-30T07:11:20.856034433Z"
